
Microsoft Visual Studio Solution File, Format Version 10.00
# Visual Studio 2008
Project("{FAE04EC0-301F-11D3-BF4B-00C04F79EFBC}") = "IDELANG", "IDELANG\IDELANG.csproj", "{BA7F2D0B-A7B4-4737-8D18-5EC097C44665}"
EndProject
Global
	GlobalSection(SolutionConfigurationPlatforms) = preSolution
		Debug|Any CPU = Debug|Any CPU
		Release|Any CPU = Release|Any CPU
	EndGlobalSection
	GlobalSection(ProjectConfigurationPlatforms) = postSolution
		{BA7F2D0B-A7B4-4737-8D18-5EC097C44665}.Debug|Any CPU.ActiveCfg = Debug|Any CPU
		{BA7F2D0B-A7B4-4737-8D18-5EC097C44665}.Debug|Any CPU.Build.0 = Debug|Any CPU
		{BA7F2D0B-A7B4-4737-8D18-5EC097C44665}.Release|Any CPU.ActiveCfg = Release|Any CPU
		{BA7F2D0B-A7B4-4737-8D18-5EC097C44665}.Release|Any CPU.Build.0 = Release|Any CPU
	EndGlobalSection
	GlobalSection(SolutionProperties) = preSolution
		HideSolutionNode = FALSE
	EndGlobalSection
EndGlobal
